
Microsoft Visual Studio Solution File, Format Version 12.00
# Visual Studio Version 17
VisualStudioVersion = 17.4.33103.184
MinimumVisualStudioVersion = 10.0.40219.1
Project("{FAE04EC0-301F-11D3-BF4B-00C04F79EFBC}") = "LeaderboardFunctions", "LeaderboardFunctions\LeaderboardFunctions.csproj", "{D3D7F18A-04C6-4C76-93CA-931D4D485448}"
EndProject
Global
	GlobalSection(SolutionConfigurationPlatforms) = preSolution
		Debug|Any CPU = Debug|Any CPU
		Release|Any CPU = Release|Any CPU
	EndGlobalSection
	GlobalSection(ProjectConfigurationPlatforms) = postSolution
		{D3D7F18A-04C6-4C76-93CA-931D4D485448}.Debug|Any CPU.ActiveCfg = Debug|Any CPU
		{D3D7F18A-04C6-4C76-93CA-931D4D485448}.Debug|Any CPU.Build.0 = Debug|Any CPU
		{D3D7F18A-04C6-4C76-93CA-931D4D485448}.Release|Any CPU.ActiveCfg = Release|Any CPU
		{D3D7F18A-04C6-4C76-93CA-931D4D485448}.Release|Any CPU.Build.0 = Release|Any CPU
	EndGlobalSection
	GlobalSection(SolutionProperties) = preSolution
		HideSolutionNode = FALSE
	EndGlobalSection
	GlobalSection(ExtensibilityGlobals) = postSolution
		SolutionGuid = {5D0B3E57-E1FD-4048-93E4-CB70D1F554FE}
	EndGlobalSection
EndGlobal
